
Microsoft Visual Studio Solution File, Format Version 12.00
# Visual Studio 15
VisualStudioVersion = 15.0.27703.2035
MinimumVisualStudioVersion = 10.0.40219.1
Project("{F184B08F-C81C-45F6-A57F-5ABD9991F28F}") = "IEEE754", "IEEE754\IEEE754.vbproj", "{B34F3B80-85F7-4B51-A086-9EF2E5574D41}"
EndProject
Global
	GlobalSection(SolutionConfigurationPlatforms) = preSolution
		Debug|Any CPU = Debug|Any CPU
		Release|Any CPU = Release|Any CPU
	EndGlobalSection
	GlobalSection(ProjectConfigurationPlatforms) = postSolution
		{B34F3B80-85F7-4B51-A086-9EF2E5574D41}.Debug|Any CPU.ActiveCfg = Debug|Any CPU
		{B34F3B80-85F7-4B51-A086-9EF2E5574D41}.Debug|Any CPU.Build.0 = Debug|Any CPU
		{B34F3B80-85F7-4B51-A086-9EF2E5574D41}.Release|Any CPU.ActiveCfg = Release|Any CPU
		{B34F3B80-85F7-4B51-A086-9EF2E5574D41}.Release|Any CPU.Build.0 = Release|Any CPU
	EndGlobalSection
	GlobalSection(SolutionProperties) = preSolution
		HideSolutionNode = FALSE
	EndGlobalSection
	GlobalSection(ExtensibilityGlobals) = postSolution
		SolutionGuid = {938DF319-6506-4326-B024-B0AAB1C77C17}
	EndGlobalSection
EndGlobal
