
Microsoft Visual Studio Solution File, Format Version 12.00
# Visual Studio 15
VisualStudioVersion = 15.0.28307.168
MinimumVisualStudioVersion = 10.0.40219.1
Project("{FAE04EC0-301F-11D3-BF4B-00C04F79EFBC}") = "label_test", "label_test\label_test.csproj", "{91AEF30F-0919-4012-9BD8-6897F6A8E702}"
EndProject
Global
	GlobalSection(SolutionConfigurationPlatforms) = preSolution
		Debug|Any CPU = Debug|Any CPU
		Release|Any CPU = Release|Any CPU
	EndGlobalSection
	GlobalSection(ProjectConfigurationPlatforms) = postSolution
		{91AEF30F-0919-4012-9BD8-6897F6A8E702}.Debug|Any CPU.ActiveCfg = Debug|Any CPU
		{91AEF30F-0919-4012-9BD8-6897F6A8E702}.Debug|Any CPU.Build.0 = Debug|Any CPU
		{91AEF30F-0919-4012-9BD8-6897F6A8E702}.Release|Any CPU.ActiveCfg = Release|Any CPU
		{91AEF30F-0919-4012-9BD8-6897F6A8E702}.Release|Any CPU.Build.0 = Release|Any CPU
	EndGlobalSection
	GlobalSection(SolutionProperties) = preSolution
		HideSolutionNode = FALSE
	EndGlobalSection
	GlobalSection(ExtensibilityGlobals) = postSolution
		SolutionGuid = {B110E44E-E5E7-42F4-A55C-A9CF6C9FA759}
	EndGlobalSection
EndGlobal
