
Microsoft Visual Studio Solution File, Format Version 12.00
# Visual Studio 15
VisualStudioVersion = 15.0.28307.168
MinimumVisualStudioVersion = 10.0.40219.1
Project("{FAE04EC0-301F-11D3-BF4B-00C04F79EFBC}") = "lora_etag_0527", "lora_etag_0527\lora_etag_0527.csproj", "{F8325DD2-020C-4BB5-9AE1-2007AA8E7889}"
EndProject
Global
	GlobalSection(SolutionConfigurationPlatforms) = preSolution
		Debug|Any CPU = Debug|Any CPU
		Release|Any CPU = Release|Any CPU
	EndGlobalSection
	GlobalSection(ProjectConfigurationPlatforms) = postSolution
		{F8325DD2-020C-4BB5-9AE1-2007AA8E7889}.Debug|Any CPU.ActiveCfg = Debug|Any CPU
		{F8325DD2-020C-4BB5-9AE1-2007AA8E7889}.Debug|Any CPU.Build.0 = Debug|Any CPU
		{F8325DD2-020C-4BB5-9AE1-2007AA8E7889}.Release|Any CPU.ActiveCfg = Release|Any CPU
		{F8325DD2-020C-4BB5-9AE1-2007AA8E7889}.Release|Any CPU.Build.0 = Release|Any CPU
	EndGlobalSection
	GlobalSection(SolutionProperties) = preSolution
		HideSolutionNode = FALSE
	EndGlobalSection
	GlobalSection(ExtensibilityGlobals) = postSolution
		SolutionGuid = {4877000E-C8B4-411E-B33D-0F6F1D8825E7}
	EndGlobalSection
EndGlobal
